{
  "nodes": {
    "imgui": {
      "flake": false,
      "locked": {
        "lastModified": 1778596230,
        "narHash": "sha256-NaSgDE5QEEMrsgYOCAPx5d0XvCIQ9T+ciAKfLFhlmzw=",
        "owner": "ocornut",
        "repo": "imgui",
        "rev": "8936b58fe26e8c3da834b8f60b06511d537b4c63",
        "type": "github"
      },
      "original": {
        "owner": "ocornut",
        "ref": "v1.92.8",
        "repo": "imgui",
        "type": "github"
      }
    },
    "nixpkgs": {
      "locked": {
        "lastModified": 1737525964,
        "narHash": "sha256-3wFonKmNRWKq1himW9N3TllbeGIHFACI5vmLpk6moF8=",
        "owner": "NixOS",
        "repo": "nixpkgs",
        "rev": "5757bbb8bd7c0630a0cc4bb19c47e588db30b97c",
        "type": "github"
      },
      "original": {
        "owner": "NixOS",
        "ref": "nixpkgs-unstable",
        "repo": "nixpkgs",
        "type": "github"
      }
    },
    "root": {
      "inputs": {
        "imgui": "imgui",
        "nixpkgs": "nixpkgs"
      }
    }
  },
  "root": "root",
  "version": 7
}
